
Microsoft Visual Studio Solution File, Format Version 12.00
# Visual Studio Version 17
VisualStudioVersion = 17.4.33122.133
MinimumVisualStudioVersion = 10.0.40219.1
Project("{FAE04EC0-301F-11D3-BF4B-00C04F79EFBC}") = "API-YA", "API-YA\API-YA.csproj", "{8B037B95-E57D-4B70-B2F9-16B977947F11}"
EndProject
Project("{FAE04EC0-301F-11D3-BF4B-00C04F79EFBC}") = "BLL", "BLL\BLL.csproj", "{677D5654-C7E1-48C0-A233-B1C6ED15BA6C}"
EndProject
Project("{FAE04EC0-301F-11D3-BF4B-00C04F79EFBC}") = "DAL", "DAL\DAL.csproj", "{7F242C47-9E29-44D9-9484-462339EB6355}"
EndProject
Global
	GlobalSection(SolutionConfigurationPlatforms) = preSolution
		Debug|Any CPU = Debug|Any CPU
		Release|Any CPU = Release|Any CPU
	EndGlobalSection
	GlobalSection(ProjectConfigurationPlatforms) = postSolution
		{8B037B95-E57D-4B70-B2F9-16B977947F11}.Debug|Any CPU.ActiveCfg = Debug|Any CPU
		{8B037B95-E57D-4B70-B2F9-16B977947F11}.Debug|Any CPU.Build.0 = Debug|Any CPU
		{8B037B95-E57D-4B70-B2F9-16B977947F11}.Release|Any CPU.ActiveCfg = Release|Any CPU
		{8B037B95-E57D-4B70-B2F9-16B977947F11}.Release|Any CPU.Build.0 = Release|Any CPU
		{677D5654-C7E1-48C0-A233-B1C6ED15BA6C}.Debug|Any CPU.ActiveCfg = Debug|Any CPU
		{677D5654-C7E1-48C0-A233-B1C6ED15BA6C}.Debug|Any CPU.Build.0 = Debug|Any CPU
		{677D5654-C7E1-48C0-A233-B1C6ED15BA6C}.Release|Any CPU.ActiveCfg = Release|Any CPU
		{677D5654-C7E1-48C0-A233-B1C6ED15BA6C}.Release|Any CPU.Build.0 = Release|Any CPU
		{7F242C47-9E29-44D9-9484-462339EB6355}.Debug|Any CPU.ActiveCfg = Debug|Any CPU
		{7F242C47-9E29-44D9-9484-462339EB6355}.Debug|Any CPU.Build.0 = Debug|Any CPU
		{7F242C47-9E29-44D9-9484-462339EB6355}.Release|Any CPU.ActiveCfg = Release|Any CPU
		{7F242C47-9E29-44D9-9484-462339EB6355}.Release|Any CPU.Build.0 = Release|Any CPU
	EndGlobalSection
	GlobalSection(SolutionProperties) = preSolution
		HideSolutionNode = FALSE
	EndGlobalSection
	GlobalSection(ExtensibilityGlobals) = postSolution
		SolutionGuid = {C251B7E5-6F2F-46CB-A2B7-6E86DE1B9041}
	EndGlobalSection
EndGlobal
